
Microsoft Visual Studio Solution File, Format Version 12.00
# Visual Studio Version 16
VisualStudioVersion = 25.0.1700.0
MinimumVisualStudioVersion = 10.0.40219.1
Project("{FAE04EC0-301F-11D3-BF4B-00C04F79EFBC}") = "MieszkanieOswieceniaBot", "MieszkanieOswieceniaBot.csproj", "{DA08F667-3520-46F8-9E3A-66F8AF94AD70}"
EndProject
Global
	GlobalSection(SolutionConfigurationPlatforms) = preSolution
		Debug|Any CPU = Debug|Any CPU
		Release|Any CPU = Release|Any CPU
	EndGlobalSection
	GlobalSection(ProjectConfigurationPlatforms) = postSolution
		{DA08F667-3520-46F8-9E3A-66F8AF94AD70}.Debug|Any CPU.ActiveCfg = Debug|Any CPU
		{DA08F667-3520-46F8-9E3A-66F8AF94AD70}.Debug|Any CPU.Build.0 = Debug|Any CPU
		{DA08F667-3520-46F8-9E3A-66F8AF94AD70}.Release|Any CPU.ActiveCfg = Release|Any CPU
		{DA08F667-3520-46F8-9E3A-66F8AF94AD70}.Release|Any CPU.Build.0 = Release|Any CPU
	EndGlobalSection
	GlobalSection(SolutionProperties) = preSolution
		HideSolutionNode = FALSE
	EndGlobalSection
	GlobalSection(ExtensibilityGlobals) = postSolution
		SolutionGuid = {4011FF4A-D1FD-47C0-87F7-36AEA9CA0AB7}
	EndGlobalSection
EndGlobal
